
Microsoft Visual Studio Solution File, Format Version 12.00
# Visual Studio Version 16
VisualStudioVersion = 16.0.29215.179
MinimumVisualStudioVersion = 10.0.40219.1
Project("{FAE04EC0-301F-11D3-BF4B-00C04F79EFBC}") = "ApiCorreios", "ApiCorreios\ApiCorreios.csproj", "{8CEEE931-7772-470B-88BB-2499EBD32CA1}"
EndProject
Global
	GlobalSection(SolutionConfigurationPlatforms) = preSolution
		Debug|Any CPU = Debug|Any CPU
		Release|Any CPU = Release|Any CPU
	EndGlobalSection
	GlobalSection(ProjectConfigurationPlatforms) = postSolution
		{8CEEE931-7772-470B-88BB-2499EBD32CA1}.Debug|Any CPU.ActiveCfg = Debug|Any CPU
		{8CEEE931-7772-470B-88BB-2499EBD32CA1}.Debug|Any CPU.Build.0 = Debug|Any CPU
		{8CEEE931-7772-470B-88BB-2499EBD32CA1}.Release|Any CPU.ActiveCfg = Release|Any CPU
		{8CEEE931-7772-470B-88BB-2499EBD32CA1}.Release|Any CPU.Build.0 = Release|Any CPU
	EndGlobalSection
	GlobalSection(SolutionProperties) = preSolution
		HideSolutionNode = FALSE
	EndGlobalSection
	GlobalSection(ExtensibilityGlobals) = postSolution
		SolutionGuid = {C85A300A-1D8B-4EA6-B255-A6161543AF61}
	EndGlobalSection
EndGlobal
